// !$*UTF8*$!
{
	archiveVersion = 1;
	classes = {
	};
	objectVersion = 55;
	objects = {

/* Begin PBXBuildFile section */
		DC1F45FF2743951D0064E92A /* the-basics.swift in Sources */ = {isa = PBXBuildFile; fileRef = DC1F45FE2743951D0064E92A /* the-basics.swift */; };
		DC4E3558274BA904008BE29B /* structures_and_classes.swift in Sources */ = {isa = PBXBuildFile; fileRef = DC4E3557274BA904008BE29B /* structures_and_classes.swift */; };
		DC4E355A274BC8DC008BE29B /* properties.swift in Sources */ = {isa = PBXBuildFile; fileRef = DC4E3559274BC8DC008BE29B /* properties.swift */; };
		DC4E355C274BE815008BE29B /* inheritance.swift in Sources */ = {isa = PBXBuildFile; fileRef = DC4E355B274BE815008BE29B /* inheritance.swift */; };
		DC4E355E274CBE58008BE29B /* initialization.swift in Sources */ = {isa = PBXBuildFile; fileRef = DC4E355D274CBE58008BE29B /* initialization.swift */; };
		DC4E3560274CDC56008BE29B /* deinitialization.swift in Sources */ = {isa = PBXBuildFile; fileRef = DC4E355F274CDC56008BE29B /* deinitialization.swift */; };
		DC4E3562274CED05008BE29B /* optional_chaining.swift in Sources */ = {isa = PBXBuildFile; fileRef = DC4E3561274CED05008BE29B /* optional_chaining.swift */; };
		DC4E3564274D104C008BE29B /* error_handling.swift in Sources */ = {isa = PBXBuildFile; fileRef = DC4E3563274D104C008BE29B /* error_handling.swift */; };
		DCAB6348274E266900FA27DF /* concurrency.swift in Sources */ = {isa = PBXBuildFile; fileRef = DCAB6347274E266900FA27DF /* concurrency.swift */; };
		DCAB634A274E393300FA27DF /* type_casting.swift in Sources */ = {isa = PBXBuildFile; fileRef = DCAB6349274E393300FA27DF /* type_casting.swift */; };
		DCAB634C274E3EB000FA27DF /* nested_types.swift in Sources */ = {isa = PBXBuildFile; fileRef = DCAB634B274E3EB000FA27DF /* nested_types.swift */; };
		DCAB634E274E4CD600FA27DF /* extensions.swift in Sources */ = {isa = PBXBuildFile; fileRef = DCAB634D274E4CD600FA27DF /* extensions.swift */; };
		DCAB6350274F98D700FA27DF /* protocols.swift in Sources */ = {isa = PBXBuildFile; fileRef = DCAB634F274F98D700FA27DF /* protocols.swift */; };
		DCAB6352274FC33500FA27DF /* generics.swift in Sources */ = {isa = PBXBuildFile; fileRef = DCAB6351274FC33500FA27DF /* generics.swift */; };
		DCAFC4822740DA2D0097DB29 /* main.swift in Sources */ = {isa = PBXBuildFile; fileRef = DCAFC4812740DA2D0097DB29 /* main.swift */; };
		DCC339FF2746990700297A57 /* operators.swift in Sources */ = {isa = PBXBuildFile; fileRef = DCC339FE2746990700297A57 /* operators.swift */; };
		DCC33A012746AF3500297A57 /* collections.swift in Sources */ = {isa = PBXBuildFile; fileRef = DCC33A002746AF3500297A57 /* collections.swift */; };
		DCC33A032747BD4800297A57 /* functions.swift in Sources */ = {isa = PBXBuildFile; fileRef = DCC33A022747BD4800297A57 /* functions.swift */; };
		DCC33A05274810AA00297A57 /* closures.swift in Sources */ = {isa = PBXBuildFile; fileRef = DCC33A04274810AA00297A57 /* closures.swift */; };
		DCC548512837F28B00988025 /* TelescopeAncestors.swift in Sources */ = {isa = PBXBuildFile; fileRef = DCC548502837F28B00988025 /* TelescopeAncestors.swift */; };
/* End PBXBuildFile section */

/* Begin PBXCopyFilesBuildPhase section */
		DCAFC47C2740DA2D0097DB29 /* CopyFiles */ = {
			isa = PBXCopyFilesBuildPhase;
			buildActionMask = 2147483647;
			dstPath = /usr/share/man/man1/;
			dstSubfolderSpec = 0;
			files = (
			);
			runOnlyForDeploymentPostprocessing = 1;
		};
/* End PBXCopyFilesBuildPhase section */

/* Begin PBXFileReference section */
		DC1F45FE2743951D0064E92A /* the-basics.swift */ = {isa = PBXFileReference; lastKnownFileType = sourcecode.swift; path = "the-basics.swift"; sourceTree = "<group>"; };
		DC4E3557274BA904008BE29B /* structures_and_classes.swift */ = {isa = PBXFileReference; lastKnownFileType = sourcecode.swift; path = structures_and_classes.swift; sourceTree = "<group>"; };
		DC4E3559274BC8DC008BE29B /* properties.swift */ = {isa = PBXFileReference; lastKnownFileType = sourcecode.swift; path = properties.swift; sourceTree = "<group>"; };
		DC4E355B274BE815008BE29B /* inheritance.swift */ = {isa = PBXFileReference; lastKnownFileType = sourcecode.swift; path = inheritance.swift; sourceTree = "<group>"; };
		DC4E355D274CBE58008BE29B /* initialization.swift */ = {isa = PBXFileReference; lastKnownFileType = sourcecode.swift; path = initialization.swift; sourceTree = "<group>"; };
		DC4E355F274CDC56008BE29B /* deinitialization.swift */ = {isa = PBXFileReference; lastKnownFileType = sourcecode.swift; path = deinitialization.swift; sourceTree = "<group>"; };
		DC4E3561274CED05008BE29B /* optional_chaining.swift */ = {isa = PBXFileReference; lastKnownFileType = sourcecode.swift; path = optional_chaining.swift; sourceTree = "<group>"; };
		DC4E3563274D104C008BE29B /* error_handling.swift */ = {isa = PBXFileReference; lastKnownFileType = sourcecode.swift; path = error_handling.swift; sourceTree = "<group>"; };
		DCAB6347274E266900FA27DF /* concurrency.swift */ = {isa = PBXFileReference; lastKnownFileType = sourcecode.swift; path = concurrency.swift; sourceTree = "<group>"; };
		DCAB6349274E393300FA27DF /* type_casting.swift */ = {isa = PBXFileReference; lastKnownFileType = sourcecode.swift; path = type_casting.swift; sourceTree = "<group>"; };
		DCAB634B274E3EB000FA27DF /* nested_types.swift */ = {isa = PBXFileReference; lastKnownFileType = sourcecode.swift; path = nested_types.swift; sourceTree = "<group>"; };
		DCAB634D274E4CD600FA27DF /* extensions.swift */ = {isa = PBXFileReference; lastKnownFileType = sourcecode.swift; path = extensions.swift; sourceTree = "<group>"; };
		DCAB634F274F98D700FA27DF /* protocols.swift */ = {isa = PBXFileReference; lastKnownFileType = sourcecode.swift; path = protocols.swift; sourceTree = "<group>"; };
		DCAB6351274FC33500FA27DF /* generics.swift */ = {isa = PBXFileReference; lastKnownFileType = sourcecode.swift; path = generics.swift; sourceTree = "<group>"; };
		DCAFC47E2740DA2D0097DB29 /* swift-basics */ = {isa = PBXFileReference; explicitFileType = "compiled.mach-o.executable"; includeInIndex = 0; path = "swift-basics"; sourceTree = BUILT_PRODUCTS_DIR; };
		DCAFC4812740DA2D0097DB29 /* main.swift */ = {isa = PBXFileReference; lastKnownFileType = sourcecode.swift; path = main.swift; sourceTree = "<group>"; };
		DCC339FE2746990700297A57 /* operators.swift */ = {isa = PBXFileReference; lastKnownFileType = sourcecode.swift; path = operators.swift; sourceTree = "<group>"; };
		DCC33A002746AF3500297A57 /* collections.swift */ = {isa = PBXFileReference; lastKnownFileType = sourcecode.swift; path = collections.swift; sourceTree = "<group>"; };
		DCC33A022747BD4800297A57 /* functions.swift */ = {isa = PBXFileReference; lastKnownFileType = sourcecode.swift; path = functions.swift; sourceTree = "<group>"; };
		DCC33A04274810AA00297A57 /* closures.swift */ = {isa = PBXFileReference; lastKnownFileType = sourcecode.swift; path = closures.swift; sourceTree = "<group>"; };
		DCC548502837F28B00988025 /* TelescopeAncestors.swift */ = {isa = PBXFileReference; lastKnownFileType = sourcecode.swift; path = TelescopeAncestors.swift; sourceTree = "<group>"; };
/* End PBXFileReference section */

/* Begin PBXFrameworksBuildPhase section */
		DCAFC47B2740DA2D0097DB29 /* Frameworks */ = {
			isa = PBXFrameworksBuildPhase;
			buildActionMask = 2147483647;
			files = (
			);
			runOnlyForDeploymentPostprocessing = 0;
		};
/* End PBXFrameworksBuildPhase section */

/* Begin PBXGroup section */
		DCAFC4752740DA2D0097DB29 = {
			isa = PBXGroup;
			children = (
				DCAFC4802740DA2D0097DB29 /* swift-basics */,
				DCAFC47F2740DA2D0097DB29 /* Products */,
			);
			sourceTree = "<group>";
		};
		DCAFC47F2740DA2D0097DB29 /* Products */ = {
			isa = PBXGroup;
			children = (
				DCAFC47E2740DA2D0097DB29 /* swift-basics */,
			);
			name = Products;
			sourceTree = "<group>";
		};
		DCAFC4802740DA2D0097DB29 /* swift-basics */ = {
			isa = PBXGroup;
			children = (
				DCC5484F2837F23500988025 /* JamesWebTelescope */,
				DCAFC4812740DA2D0097DB29 /* main.swift */,
				DC1F45FE2743951D0064E92A /* the-basics.swift */,
				DCC339FE2746990700297A57 /* operators.swift */,
				DCC33A002746AF3500297A57 /* collections.swift */,
				DCC33A022747BD4800297A57 /* functions.swift */,
				DCC33A04274810AA00297A57 /* closures.swift */,
				DC4E3557274BA904008BE29B /* structures_and_classes.swift */,
				DC4E3559274BC8DC008BE29B /* properties.swift */,
				DC4E355B274BE815008BE29B /* inheritance.swift */,
				DC4E355D274CBE58008BE29B /* initialization.swift */,
				DC4E355F274CDC56008BE29B /* deinitialization.swift */,
				DC4E3561274CED05008BE29B /* optional_chaining.swift */,
				DC4E3563274D104C008BE29B /* error_handling.swift */,
				DCAB6347274E266900FA27DF /* concurrency.swift */,
				DCAB6349274E393300FA27DF /* type_casting.swift */,
				DCAB634B274E3EB000FA27DF /* nested_types.swift */,
				DCAB634D274E4CD600FA27DF /* extensions.swift */,
				DCAB634F274F98D700FA27DF /* protocols.swift */,
				DCAB6351274FC33500FA27DF /* generics.swift */,
			);
			path = "swift-basics";
			sourceTree = "<group>";
		};
		DCC5484F2837F23500988025 /* JamesWebTelescope */ = {
			isa = PBXGroup;
			children = (
				DCC548502837F28B00988025 /* TelescopeAncestors.swift */,
			);
			path = JamesWebTelescope;
			sourceTree = "<group>";
		};
/* End PBXGroup section */

/* Begin PBXNativeTarget section */
		DCAFC47D2740DA2D0097DB29 /* swift-basics */ = {
			isa = PBXNativeTarget;
			buildConfigurationList = DCAFC4852740DA2D0097DB29 /* Build configuration list for PBXNativeTarget "swift-basics" */;
			buildPhases = (
				DCAFC47A2740DA2D0097DB29 /* Sources */,
				DCAFC47B2740DA2D0097DB29 /* Frameworks */,
				DCAFC47C2740DA2D0097DB29 /* CopyFiles */,
			);
			buildRules = (
			);
			dependencies = (
			);
			name = "swift-basics";
			productName = "swift-basics";
			productReference = DCAFC47E2740DA2D0097DB29 /* swift-basics */;
			productType = "com.apple.product-type.tool";
		};
/* End PBXNativeTarget section */

/* Begin PBXProject section */
		DCAFC4762740DA2D0097DB29 /* Project object */ = {
			isa = PBXProject;
			attributes = {
				BuildIndependentTargetsInParallel = 1;
				LastSwiftUpdateCheck = 1310;
				LastUpgradeCheck = 1310;
				TargetAttributes = {
					DCAFC47D2740DA2D0097DB29 = {
						CreatedOnToolsVersion = 13.1;
					};
				};
			};
			buildConfigurationList = DCAFC4792740DA2D0097DB29 /* Build configuration list for PBXProject "swift-basics" */;
			compatibilityVersion = "Xcode 13.0";
			developmentRegion = en;
			hasScannedForEncodings = 0;
			knownRegions = (
				en,
				Base,
			);
			mainGroup = DCAFC4752740DA2D0097DB29;
			productRefGroup = DCAFC47F2740DA2D0097DB29 /* Products */;
			projectDirPath = "";
			projectRoot = "";
			targets = (
				DCAFC47D2740DA2D0097DB29 /* swift-basics */,
			);
		};
/* End PBXProject section */

/* Begin PBXSourcesBuildPhase section */
		DCAFC47A2740DA2D0097DB29 /* Sources */ = {
			isa = PBXSourcesBuildPhase;
			buildActionMask = 2147483647;
			files = (
				DC4E3562274CED05008BE29B /* optional_chaining.swift in Sources */,
				DCAB634E274E4CD600FA27DF /* extensions.swift in Sources */,
				DC4E355C274BE815008BE29B /* inheritance.swift in Sources */,
				DCAB6352274FC33500FA27DF /* generics.swift in Sources */,
				DC4E355A274BC8DC008BE29B /* properties.swift in Sources */,
				DCC548512837F28B00988025 /* TelescopeAncestors.swift in Sources */,
				DC4E3564274D104C008BE29B /* error_handling.swift in Sources */,
				DCAB634C274E3EB000FA27DF /* nested_types.swift in Sources */,
				DC1F45FF2743951D0064E92A /* the-basics.swift in Sources */,
				DC4E3560274CDC56008BE29B /* deinitialization.swift in Sources */,
				DC4E355E274CBE58008BE29B /* initialization.swift in Sources */,
				DCC33A05274810AA00297A57 /* closures.swift in Sources */,
				DCC33A032747BD4800297A57 /* functions.swift in Sources */,
				DCAFC4822740DA2D0097DB29 /* main.swift in Sources */,
				DCC339FF2746990700297A57 /* operators.swift in Sources */,
				DCAB6348274E266900FA27DF /* concurrency.swift in Sources */,
				DC4E3558274BA904008BE29B /* structures_and_classes.swift in Sources */,
				DCAB6350274F98D700FA27DF /* protocols.swift in Sources */,
				DCAB634A274E393300FA27DF /* type_casting.swift in Sources */,
				DCC33A012746AF3500297A57 /* collections.swift in Sources */,
			);
			runOnlyForDeploymentPostprocessing = 0;
		};
/* End PBXSourcesBuildPhase section */

/* Begin XCBuildConfiguration section */
		DCAFC4832740DA2D0097DB29 /* Debug */ = {
			isa = XCBuildConfiguration;
			buildSettings = {
				ALWAYS_SEARCH_USER_PATHS = NO;
				CLANG_ANALYZER_NONNULL = YES;
				CLANG_ANALYZER_NUMBER_OBJECT_CONVERSION = YES_AGGRESSIVE;
				CLANG_CXX_LANGUAGE_STANDARD = "gnu++17";
				CLANG_CXX_LIBRARY = "libc++";
				CLANG_ENABLE_MODULES = YES;
				CLANG_ENABLE_OBJC_ARC = YES;
				CLANG_ENABLE_OBJC_WEAK = YES;
				CLANG_WARN_BLOCK_CAPTURE_AUTORELEASING = YES;
				CLANG_WARN_BOOL_CONVERSION = YES;
				CLANG_WARN_COMMA = YES;
				CLANG_WARN_CONSTANT_CONVERSION = YES;
				CLANG_WARN_DEPRECATED_OBJC_IMPLEMENTATIONS = YES;
				CLANG_WARN_DIRECT_OBJC_ISA_USAGE = YES_ERROR;
				CLANG_WARN_DOCUMENTATION_COMMENTS = YES;
				CLANG_WARN_EMPTY_BODY = YES;
				CLANG_WARN_ENUM_CONVERSION = YES;
				CLANG_WARN_INFINITE_RECURSION = YES;
				CLANG_WARN_INT_CONVERSION = YES;
				CLANG_WARN_NON_LITERAL_NULL_CONVERSION = YES;
				CLANG_WARN_OBJC_IMPLICIT_RETAIN_SELF = YES;
				CLANG_WARN_OBJC_LITERAL_CONVERSION = YES;
				CLANG_WARN_OBJC_ROOT_CLASS = YES_ERROR;
				CLANG_WARN_QUOTED_INCLUDE_IN_FRAMEWORK_HEADER = YES;
				CLANG_WARN_RANGE_LOOP_ANALYSIS = YES;
				CLANG_WARN_STRICT_PROTOTYPES = YES;
				CLANG_WARN_SUSPICIOUS_MOVE = YES;
				CLANG_WARN_UNGUARDED_AVAILABILITY = YES_AGGRESSIVE;
				CLANG_WARN_UNREACHABLE_CODE = YES;
				CLANG_WARN__DUPLICATE_METHOD_MATCH = YES;
				COPY_PHASE_STRIP = NO;
				DEBUG_INFORMATION_FORMAT = dwarf;
				ENABLE_STRICT_OBJC_MSGSEND = YES;
				ENABLE_TESTABILITY = YES;
				GCC_C_LANGUAGE_STANDARD = gnu11;
				GCC_DYNAMIC_NO_PIC = NO;
				GCC_NO_COMMON_BLOCKS = YES;
				GCC_OPTIMIZATION_LEVEL = 0;
				GCC_PREPROCESSOR_DEFINITIONS = (
					"DEBUG=1",
					"$(inherited)",
				);
				GCC_WARN_64_TO_32_BIT_CONVERSION = YES;
				GCC_WARN_ABOUT_RETURN_TYPE = YES_ERROR;
				GCC_WARN_UNDECLARED_SELECTOR = YES;
				GCC_WARN_UNINITIALIZED_AUTOS = YES_AGGRESSIVE;
				GCC_WARN_UNUSED_FUNCTION = YES;
				GCC_WARN_UNUSED_VARIABLE = YES;
				MACOSX_DEPLOYMENT_TARGET = 12.0;
				MTL_ENABLE_DEBUG_INFO = INCLUDE_SOURCE;
				MTL_FAST_MATH = YES;
				ONLY_ACTIVE_ARCH = YES;
				SDKROOT = macosx;
				SWIFT_ACTIVE_COMPILATION_CONDITIONS = DEBUG;
				SWIFT_OPTIMIZATION_LEVEL = "-Onone";
			};
			name = Debug;
		};
		DCAFC4842740DA2D0097DB29 /* Release */ = {
			isa = XCBuildConfiguration;
			buildSettings = {
				ALWAYS_SEARCH_USER_PATHS = NO;
				CLANG_ANALYZER_NONNULL = YES;
				CLANG_ANALYZER_NUMBER_OBJECT_CONVERSION = YES_AGGRESSIVE;
				CLANG_CXX_LANGUAGE_STANDARD = "gnu++17";
				CLANG_CXX_LIBRARY = "libc++";
				CLANG_ENABLE_MODULES = YES;
				CLANG_ENABLE_OBJC_ARC = YES;
				CLANG_ENABLE_OBJC_WEAK = YES;
				CLANG_WARN_BLOCK_CAPTURE_AUTORELEASING = YES;
				CLANG_WARN_BOOL_CONVERSION = YES;
				CLANG_WARN_COMMA = YES;
				CLANG_WARN_CONSTANT_CONVERSION = YES;
				CLANG_WARN_DEPRECATED_OBJC_IMPLEMENTATIONS = YES;
				CLANG_WARN_DIRECT_OBJC_ISA_USAGE = YES_ERROR;
				CLANG_WARN_DOCUMENTATION_COMMENTS = YES;
				CLANG_WARN_EMPTY_BODY = YES;
				CLANG_WARN_ENUM_CONVERSION = YES;
				CLANG_WARN_INFINITE_RECURSION = YES;
				CLANG_WARN_INT_CONVERSION = YES;
				CLANG_WARN_NON_LITERAL_NULL_CONVERSION = YES;
				CLANG_WARN_OBJC_IMPLICIT_RETAIN_SELF = YES;
				CLANG_WARN_OBJC_LITERAL_CONVERSION = YES;
				CLANG_WARN_OBJC_ROOT_CLASS = YES_ERROR;
				CLANG_WARN_QUOTED_INCLUDE_IN_FRAMEWORK_HEADER = YES;
				CLANG_WARN_RANGE_LOOP_ANALYSIS = YES;
				CLANG_WARN_STRICT_PROTOTYPES = YES;
				CLANG_WARN_SUSPICIOUS_MOVE = YES;
				CLANG_WARN_UNGUARDED_AVAILABILITY = YES_AGGRESSIVE;
				CLANG_WARN_UNREACHABLE_CODE = YES;
				CLANG_WARN__DUPLICATE_METHOD_MATCH = YES;
				COPY_PHASE_STRIP = NO;
				DEBUG_INFORMATION_FORMAT = "dwarf-with-dsym";
				ENABLE_NS_ASSERTIONS = NO;
				ENABLE_STRICT_OBJC_MSGSEND = YES;
				GCC_C_LANGUAGE_STANDARD = gnu11;
				GCC_NO_COMMON_BLOCKS = YES;
				GCC_WARN_64_TO_32_BIT_CONVERSION = YES;
				GCC_WARN_ABOUT_RETURN_TYPE = YES_ERROR;
				GCC_WARN_UNDECLARED_SELECTOR = YES;
				GCC_WARN_UNINITIALIZED_AUTOS = YES_AGGRESSIVE;
				GCC_WARN_UNUSED_FUNCTION = YES;
				GCC_WARN_UNUSED_VARIABLE = YES;
				MACOSX_DEPLOYMENT_TARGET = 12.0;
				MTL_ENABLE_DEBUG_INFO = NO;
				MTL_FAST_MATH = YES;
				SDKROOT = macosx;
				SWIFT_COMPILATION_MODE = wholemodule;
				SWIFT_OPTIMIZATION_LEVEL = "-O";
			};
			name = Release;
		};
		DCAFC4862740DA2D0097DB29 /* Debug */ = {
			isa = XCBuildConfiguration;
			buildSettings = {
				CODE_SIGN_STYLE = Automatic;
				PRODUCT_NAME = "$(TARGET_NAME)";
				SWIFT_VERSION = 5.0;
			};
			name = Debug;
		};
		DCAFC4872740DA2D0097DB29 /* Release */ = {
			isa = XCBuildConfiguration;
			buildSettings = {
				CODE_SIGN_STYLE = Automatic;
				PRODUCT_NAME = "$(TARGET_NAME)";
				SWIFT_VERSION = 5.0;
			};
			name = Release;
		};
/* End XCBuildConfiguration section */

/* Begin XCConfigurationList section */
		DCAFC4792740DA2D0097DB29 /* Build configuration list for PBXProject "swift-basics" */ = {
			isa = XCConfigurationList;
			buildConfigurations = (
				DCAFC4832740DA2D0097DB29 /* Debug */,
				DCAFC4842740DA2D0097DB29 /* Release */,
			);
			defaultConfigurationIsVisible = 0;
			defaultConfigurationName = Release;
		};
		DCAFC4852740DA2D0097DB29 /* Build configuration list for PBXNativeTarget "swift-basics" */ = {
			isa = XCConfigurationList;
			buildConfigurations = (
				DCAFC4862740DA2D0097DB29 /* Debug */,
				DCAFC4872740DA2D0097DB29 /* Release */,
			);
			defaultConfigurationIsVisible = 0;
			defaultConfigurationName = Release;
		};
/* End XCConfigurationList section */
	};
	rootObject = DCAFC4762740DA2D0097DB29 /* Project object */;
}
